{
  "nodes": {
    "nixpkgs-parent": {
      "locked": {
        "lastModified": 1681303793,
        "narHash": "sha256-JEdQHsYuCfRL2PICHlOiH/2ue3DwoxUX7DJ6zZxZXFk=",
        "owner": "NixOS",
        "repo": "nixpkgs",
        "rev": "fe2ecaf706a5907b5e54d979fbde4924d84b65fc",
        "type": "github"
      },
      "original": {
        "owner": "NixOS",
        "ref": "nixos-unstable",
        "repo": "nixpkgs",
        "type": "github"
      }
    },
    "root": {
      "inputs": {
        "nixpkgs-parent": "nixpkgs-parent"
      }
    }
  },
  "root": "root",
  "version": 7
}
